
Microsoft Visual Studio Solution File, Format Version 12.00
# Visual Studio Version 16
VisualStudioVersion = 16.0.29424.173
MinimumVisualStudioVersion = 10.0.40219.1
Project("{888888A0-9F3D-457C-B088-3A5042F75D52}") = "CannyEdgesTriplett", "CannyEdgesTriplett.pyproj", "{6A27079B-7B79-4440-BD44-9307A32882D7}"
EndProject
Global
	GlobalSection(SolutionConfigurationPlatforms) = preSolution
		Debug|Any CPU = Debug|Any CPU
		Release|Any CPU = Release|Any CPU
	EndGlobalSection
	GlobalSection(ProjectConfigurationPlatforms) = postSolution
		{6A27079B-7B79-4440-BD44-9307A32882D7}.Debug|Any CPU.ActiveCfg = Debug|Any CPU
		{6A27079B-7B79-4440-BD44-9307A32882D7}.Release|Any CPU.ActiveCfg = Release|Any CPU
	EndGlobalSection
	GlobalSection(SolutionProperties) = preSolution
		HideSolutionNode = FALSE
	EndGlobalSection
	GlobalSection(ExtensibilityGlobals) = postSolution
		SolutionGuid = {A660B050-D863-4A5D-AE8F-79843DBCA925}
	EndGlobalSection
EndGlobal
